{
  "name": "random-name-websocket",
  "version": "0.0.1",
  "lockfileVersion": 1,
  "requires": true,
  "dependencies": {
    "@types/node": {
      "version": "16.9.1",
      "resolved": "https://registry.npmjs.org/@types/node/-/node-16.9.1.tgz",
      "integrity": "sha512-QpLcX9ZSsq3YYUUnD3nFDY8H7wctAhQj/TFKL8Ya8v5fMm3CFXxo8zStsLAl780ltoYoo1WvKUVGBQK+1ifr7g==",
      "dev": true
    },
    "@types/ws": {
      "version": "7.4.7",
      "resolved": "https://registry.npmjs.org/@types/ws/-/ws-7.4.7.tgz",
      "integrity": "sha512-JQbbmxZTZehdc2iszGKs5oC3NFnjeay7mtAWrdt7qNtAVK0g19muApzAy4bm9byz79xa2ZnO/BOBC2R8RC5Lww==",
      "dev": true,
      "requires": {
        "@types/node": "*"
      }
    },
    "papaparse": {
      "version": "5.3.1",
      "resolved": "https://registry.npmjs.org/papaparse/-/papaparse-5.3.1.tgz",
      "integrity": "sha512-Dbt2yjLJrCwH2sRqKFFJaN5XgIASO9YOFeFP8rIBRG2Ain8mqk5r1M6DkfvqEVozVcz3r3HaUGw253hA1nLIcA==",
      "dev": true
    },
    "rereadable-stream": {
      "version": "1.4.12",
      "resolved": "https://registry.npmjs.org/rereadable-stream/-/rereadable-stream-1.4.12.tgz",
      "integrity": "sha512-X6DO4q5q+QWIKP/B3MO+W0fNlu7x2xJDYvZ6LqM3kSFtyRp/0E/W1NOoxg5Zp9gUB0kKTFXUiubhxgb/c+tZEw==",
      "dev": true
    },
    "scramjet": {
      "version": "4.36.0",
      "resolved": "https://registry.npmjs.org/scramjet/-/scramjet-4.36.0.tgz",
      "integrity": "sha512-YQ2w3mtie5RmQQVIoj+NlNf+VwhxaTEsRhorAPC9pTsvbQhroa313E/jCoyCvWLfKxJg7PQkZJoU3t/sq7G5Yg==",
      "dev": true,
      "requires": {
        "papaparse": "^5.3.1",
        "rereadable-stream": "^1.4.12",
        "scramjet-core": "^4.32.0"
      }
    },
    "scramjet-core": {
      "version": "4.32.0",
      "resolved": "https://registry.npmjs.org/scramjet-core/-/scramjet-core-4.32.0.tgz",
      "integrity": "sha512-74F/2knCThhWuoh2Ucc0gLXyCN6MXve8kThS3dMFiJwIjgfE/FyislMIYmrtzDoPnzFCENo+dAcZXbqoGIi4CQ==",
      "dev": true
    },
    "typescript": {
      "version": "4.4.3",
      "resolved": "https://registry.npmjs.org/typescript/-/typescript-4.4.3.tgz",
      "integrity": "sha512-4xfscpisVgqqDfPaJo5vkd+Qd/ItkoagnHpufr+i2QCHBsNYp+G7UAoyFl8aPtx879u38wPV65rZ8qbGZijalA==",
      "dev": true
    },
    "unique-names-generator": {
      "version": "4.6.0",
      "resolved": "https://registry.npmjs.org/unique-names-generator/-/unique-names-generator-4.6.0.tgz",
      "integrity": "sha512-m0fke1emBeT96UYn2psPQYwljooDWRTKt9oUZ5vlt88ZFMBGxqwPyLHXwCfkbgdm8jzioCp7oIpo6KdM+fnUlQ=="
    },
    "ws": {
      "version": "8.2.2",
      "resolved": "https://registry.npmjs.org/ws/-/ws-8.2.2.tgz",
      "integrity": "sha512-Q6B6H2oc8QY3llc3cB8kVmQ6pnJWVQbP7Q5algTcIxx7YEpc0oU4NBVHlztA7Ekzfhw2r0rPducMUiCGWKQRzw=="
    }
  }
}
