{
  "name": "csv",
  "version": "0.0.1",
  "lockfileVersion": 1,
  "requires": true,
  "dependencies": {
    "papaparse": {
      "version": "5.3.1",
      "resolved": "https://registry.npmjs.org/papaparse/-/papaparse-5.3.1.tgz",
      "integrity": "sha512-Dbt2yjLJrCwH2sRqKFFJaN5XgIASO9YOFeFP8rIBRG2Ain8mqk5r1M6DkfvqEVozVcz3r3HaUGw253hA1nLIcA=="
    },
    "rereadable-stream": {
      "version": "1.4.12",
      "resolved": "https://registry.npmjs.org/rereadable-stream/-/rereadable-stream-1.4.12.tgz",
      "integrity": "sha512-X6DO4q5q+QWIKP/B3MO+W0fNlu7x2xJDYvZ6LqM3kSFtyRp/0E/W1NOoxg5Zp9gUB0kKTFXUiubhxgb/c+tZEw=="
    },
    "scramjet": {
      "version": "4.36.0",
      "resolved": "https://registry.npmjs.org/scramjet/-/scramjet-4.36.0.tgz",
      "integrity": "sha512-YQ2w3mtie5RmQQVIoj+NlNf+VwhxaTEsRhorAPC9pTsvbQhroa313E/jCoyCvWLfKxJg7PQkZJoU3t/sq7G5Yg==",
      "requires": {
        "papaparse": "^5.3.1",
        "rereadable-stream": "^1.4.12",
        "scramjet-core": "^4.32.0"
      }
    },
    "scramjet-core": {
      "version": "4.32.0",
      "resolved": "https://registry.npmjs.org/scramjet-core/-/scramjet-core-4.32.0.tgz",
      "integrity": "sha512-74F/2knCThhWuoh2Ucc0gLXyCN6MXve8kThS3dMFiJwIjgfE/FyislMIYmrtzDoPnzFCENo+dAcZXbqoGIi4CQ=="
    }
  }
}
